github.com/McShelby/hugo-theme-relearn v0.0.0-20230921205455-862d8bb8c2c3 h1:z2r6xZT34XJcoECMgYOHHP2QR4FfGvmj+6RC/DowpEI=
github.com/McShelby/hugo-theme-relearn v0.0.0-20230921205455-862d8bb8c2c3/go.mod h1:mKQQdxZNIlLvAj8X3tMq+RzntIJSr9z7XdzuMomt0IM=
github.com/spf13/hyde v1.1.0 h1:ZKOakmybNrsaUQCZsf/XwwGIp6NHjUuU3klBgVuoees=
github.com/spf13/hyde v1.1.0/go.mod h1:CSmLWCbXXInaA5zAkwAQ0EbwpR7Pe74eSmDxdGspoCY=
